<?xml version="1.0" encoding="utf-8"?>
<Project ToolsVersion="4.0" xmlns="http://schemas.microsoft.com/developer/msbuild/2003">
  <ItemGroup>
    <Filter Include="Source Files">
      <UniqueIdentifier>{4FC737F1-C7A5-4376-A066-2A32D752A2FF}</UniqueIdentifier>
      <Extensions>cpp;c;cc;cxx;def;odl;idl;hpj;bat;asm;asmx</Extensions>
    </Filter>
    <Filter Include="Header Files">
      <UniqueIdentifier>{93995380-89BD-4b04-88EB-625FBE52EBFB}</UniqueIdentifier>
      <Extensions>h;hpp;hxx;hm;inl;inc;xsd</Extensions>
    </Filter>
    <Filter Include="Resource Files">
      <UniqueIdentifier>{67DA6AB6-F800-4c08-8B7A-83BB121AAD01}</UniqueIdentifier>
      <Extensions>rc;ico;cur;bmp;dlg;rc2;rct;bin;rgs;gif;jpg;jpeg;jpe;resx;tiff;tif;png;wav</Extensions>
    </Filter>
    <Filter Include="Priscilla">
      <UniqueIdentifier>{342a84d1-5b9a-4a10-b0ca-cc618409b820}</UniqueIdentifier>
    </Filter>
  </ItemGroup>
  <ItemGroup>
    <ClCompile Include="AboutDlg.cpp">
      <Filter>Source Files</Filter>
    </ClCompile>
    <ClCompile Include="DiskBench.cpp">
      <Filter>Source Files</Filter>
    </ClCompile>
    <ClCompile Include="DiskMark.cpp">
      <Filter>Source Files</Filter>
    </ClCompile>
    <ClCompile Include="DiskMarkDlg.cpp">
      <Filter>Source Files</Filter>
    </ClCompile>
    <ClCompile Include="stdafx.cpp">
      <Filter>Source Files</Filter>
    </ClCompile>
    <ClCompile Include="SettingsDlg.cpp">
      <Filter>Source Files</Filter>
    </ClCompile>
    <ClCompile Include="Priscilla\ButtonFx.cpp">
      <Filter>Priscilla</Filter>
    </ClCompile>
    <ClCompile Include="Priscilla\ComboBoxFx.cpp">
      <Filter>Priscilla</Filter>
    </ClCompile>
    <ClCompile Include="Priscilla\DebugPrint.cpp">
      <Filter>Priscilla</Filter>
    </ClCompile>
    <ClCompile Include="Priscilla\DialogFx.cpp">
      <Filter>Priscilla</Filter>
    </ClCompile>
    <ClCompile Include="Priscilla\EditFx.cpp">
      <Filter>Priscilla</Filter>
    </ClCompile>
    <ClCompile Include="Priscilla\FontComboBox.cpp">
      <Filter>Priscilla</Filter>
    </ClCompile>
    <ClCompile Include="Priscilla\GetFileVersion.cpp">
      <Filter>Priscilla</Filter>
    </ClCompile>
    <ClCompile Include="Priscilla\GetOsInfo.cpp">
      <Filter>Priscilla</Filter>
    </ClCompile>
    <ClCompile Include="Priscilla\MainDialog.cpp">
      <Filter>Priscilla</Filter>
    </ClCompile>
    <ClCompile Include="Priscilla\StaticFx.cpp">
      <Filter>Priscilla</Filter>
    </ClCompile>
    <ClCompile Include="FontSelectionDlg.cpp">
      <Filter>Source Files</Filter>
    </ClCompile>
  </ItemGroup>
  <ItemGroup>
    <ClInclude Include="AboutDlg.h">
      <Filter>Header Files</Filter>
    </ClInclude>
    <ClInclude Include="DiskBench.h">
      <Filter>Header Files</Filter>
    </ClInclude>
    <ClInclude Include="DiskMark.h">
      <Filter>Header Files</Filter>
    </ClInclude>
    <ClInclude Include="DiskMarkDlg.h">
      <Filter>Header Files</Filter>
    </ClInclude>
    <ClInclude Include="Resource.h">
      <Filter>Header Files</Filter>
    </ClInclude>
    <ClInclude Include="stdafx.h">
      <Filter>Header Files</Filter>
    </ClInclude>
    <ClInclude Include="SettingsDlg.h">
      <Filter>Header Files</Filter>
    </ClInclude>
    <ClInclude Include="Priscilla\ButtonFx.h">
      <Filter>Priscilla</Filter>
    </ClInclude>
    <ClInclude Include="Priscilla\ComboBoxFx.h">
      <Filter>Priscilla</Filter>
    </ClInclude>
    <ClInclude Include="Priscilla\CommonFx.h">
      <Filter>Priscilla</Filter>
    </ClInclude>
    <ClInclude Include="Priscilla\DebugPrint.h">
      <Filter>Priscilla</Filter>
    </ClInclude>
    <ClInclude Include="Priscilla\DialogFx.h">
      <Filter>Priscilla</Filter>
    </ClInclude>
    <ClInclude Include="Priscilla\EditFx.h">
      <Filter>Priscilla</Filter>
    </ClInclude>
    <ClInclude Include="Priscilla\FontComboBox.h">
      <Filter>Priscilla</Filter>
    </ClInclude>
    <ClInclude Include="Priscilla\GetFileVersion.h">
      <Filter>Priscilla</Filter>
    </ClInclude>
    <ClInclude Include="Priscilla\GetOsInfo.h">
      <Filter>Priscilla</Filter>
    </ClInclude>
    <ClInclude Include="Priscilla\MainDialog.h">
      <Filter>Priscilla</Filter>
    </ClInclude>
    <ClInclude Include="Priscilla\StaticFx.h">
      <Filter>Priscilla</Filter>
    </ClInclude>
    <ClInclude Include="FontSelectionDlg.h">
      <Filter>Header Files</Filter>
    </ClInclude>
  </ItemGroup>
  <ItemGroup>
    <None Include="res\DiskMark.ico">
      <Filter>Resource Files</Filter>
    </None>
    <None Include="res\DiskMark.rc2">
      <Filter>Resource Files</Filter>
    </None>
    <None Include="res\DiskMark16.ico">
      <Filter>Resource Files</Filter>
    </None>
  </ItemGroup>
  <ItemGroup>
    <ResourceCompile Include="DiskMark.rc">
      <Filter>Resource Files</Filter>
    </ResourceCompile>
  </ItemGroup>
  <ItemGroup>
    <Manifest Include="DeclareDPIAware.manifest">
      <Filter>Resource Files</Filter>
    </Manifest>
  </ItemGroup>
</Project>