<?xml version="1.0" encoding="utf-8"?>
<Project ToolsVersion="4.0" xmlns="http://schemas.microsoft.com/developer/msbuild/2003">
  <ItemGroup>
    <Filter Include="Source Files">
      <UniqueIdentifier>{4FC737F1-C7A5-4376-A066-2A32D752A2FF}</UniqueIdentifier>
      <Extensions>cpp;c;cc;cxx;def;odl;idl;hpj;bat;asm;asmx</Extensions>
    </Filter>
    <Filter Include="Header Files">
      <UniqueIdentifier>{93995380-89BD-4b04-88EB-625FBE52EBFB}</UniqueIdentifier>
      <Extensions>h;hpp;hxx;hm;inl;inc;xsd</Extensions>
    </Filter>
    <Filter Include="Resource Files">
      <UniqueIdentifier>{67DA6AB6-F800-4c08-8B7A-83BB121AAD01}</UniqueIdentifier>
      <Extensions>rc;ico;cur;bmp;dlg;rc2;rct;bin;rgs;gif;jpg;jpeg;jpe;resx;tiff;tif;png;wav</Extensions>
    </Filter>
    <Filter Include="Library Files">
      <UniqueIdentifier>{342a84d1-5b9a-4a10-b0ca-cc618409b820}</UniqueIdentifier>
    </Filter>
  </ItemGroup>
  <ItemGroup>
    <ClCompile Include="AboutDlg.cpp">
      <Filter>Source Files</Filter>
    </ClCompile>
    <ClCompile Include="DiskBench.cpp">
      <Filter>Source Files</Filter>
    </ClCompile>
    <ClCompile Include="DiskMark.cpp">
      <Filter>Source Files</Filter>
    </ClCompile>
    <ClCompile Include="DiskMarkDlg.cpp">
      <Filter>Source Files</Filter>
    </ClCompile>
    <ClCompile Include="stdafx.cpp">
      <Filter>Source Files</Filter>
    </ClCompile>
    <ClCompile Include="GetFileVersion.cpp">
      <Filter>Library Files</Filter>
    </ClCompile>
    <ClCompile Include="GetOsInfo.cpp">
      <Filter>Library Files</Filter>
    </ClCompile>
    <ClCompile Include="SettingsDlg.cpp">
      <Filter>Source Files</Filter>
    </ClCompile>
    <ClCompile Include="DebugPrint.cpp">
      <Filter>Library Files</Filter>
    </ClCompile>
    <ClCompile Include="ButtonCx.cpp">
      <Filter>Library Files</Filter>
    </ClCompile>
    <ClCompile Include="ButtonEx.cpp">
      <Filter>Library Files</Filter>
    </ClCompile>
    <ClCompile Include="DialogCx.cpp">
      <Filter>Library Files</Filter>
    </ClCompile>
    <ClCompile Include="EditEx.cpp">
      <Filter>Library Files</Filter>
    </ClCompile>
    <ClCompile Include="MainDialog.cpp">
      <Filter>Library Files</Filter>
    </ClCompile>
    <ClCompile Include="StaticCx.cpp">
      <Filter>Library Files</Filter>
    </ClCompile>
    <ClCompile Include="ComboBoxCx.cpp">
      <Filter>Library Files</Filter>
    </ClCompile>
    <ClCompile Include="FontSelection.cpp">
      <Filter>Source Files</Filter>
    </ClCompile>
    <ClCompile Include="FontComboBox.cpp">
      <Filter>Library Files</Filter>
    </ClCompile>
    <ClCompile Include="CommentDlg.cpp">
      <Filter>Source Files</Filter>
    </ClCompile>
  </ItemGroup>
  <ItemGroup>
    <ClInclude Include="AboutDlg.h">
      <Filter>Header Files</Filter>
    </ClInclude>
    <ClInclude Include="DiskBench.h">
      <Filter>Header Files</Filter>
    </ClInclude>
    <ClInclude Include="DiskMark.h">
      <Filter>Header Files</Filter>
    </ClInclude>
    <ClInclude Include="DiskMarkDlg.h">
      <Filter>Header Files</Filter>
    </ClInclude>
    <ClInclude Include="Resource.h">
      <Filter>Header Files</Filter>
    </ClInclude>
    <ClInclude Include="stdafx.h">
      <Filter>Header Files</Filter>
    </ClInclude>
    <ClInclude Include="GetFileVersion.h">
      <Filter>Library Files</Filter>
    </ClInclude>
    <ClInclude Include="GetOsInfo.h">
      <Filter>Library Files</Filter>
    </ClInclude>
    <ClInclude Include="SettingsDlg.h">
      <Filter>Header Files</Filter>
    </ClInclude>
    <ClInclude Include="DebugPrint.h">
      <Filter>Library Files</Filter>
    </ClInclude>
    <ClInclude Include="ButtonCx.h">
      <Filter>Library Files</Filter>
    </ClInclude>
    <ClInclude Include="ButtonEx.h">
      <Filter>Library Files</Filter>
    </ClInclude>
    <ClInclude Include="DialogCx.h">
      <Filter>Library Files</Filter>
    </ClInclude>
    <ClInclude Include="EditEx.h">
      <Filter>Library Files</Filter>
    </ClInclude>
    <ClInclude Include="MainDialog.h">
      <Filter>Library Files</Filter>
    </ClInclude>
    <ClInclude Include="StaticCX.h">
      <Filter>Library Files</Filter>
    </ClInclude>
    <ClInclude Include="ComboBoxCx.h">
      <Filter>Library Files</Filter>
    </ClInclude>
    <ClInclude Include="FontSelection.h">
      <Filter>Header Files</Filter>
    </ClInclude>
    <ClInclude Include="FontComboBox.h">
      <Filter>Library Files</Filter>
    </ClInclude>
    <ClInclude Include="CommentDlg.h">
      <Filter>Header Files</Filter>
    </ClInclude>
  </ItemGroup>
  <ItemGroup>
    <Manifest Include="DeclareDPIAware.manifest">
      <Filter>Resource Files</Filter>
    </Manifest>
  </ItemGroup>
  <ItemGroup>
    <None Include="res\DiskMark.ico">
      <Filter>Resource Files</Filter>
    </None>
    <None Include="res\DiskMark.rc2">
      <Filter>Resource Files</Filter>
    </None>
    <None Include="res\DiskMark16.ico">
      <Filter>Resource Files</Filter>
    </None>
  </ItemGroup>
  <ItemGroup>
    <ResourceCompile Include="DiskMark.rc">
      <Filter>Resource Files</Filter>
    </ResourceCompile>
  </ItemGroup>
</Project>